# THIS IS AN AUTOGENERATED FILE. DO NOT EDIT THIS FILE DIRECTLY.
# yarn lockfile v1


daisyui@^5.1.10:
  version "5.1.10"
  resolved "https://registry.yarnpkg.com/daisyui/-/daisyui-5.1.10.tgz#06be57a845e878cb8582538ec33832effade9e3d"
  integrity sha512-p1J/HME2WmaSiy6u2alIbeP3gd5PNVft3+6Bdll0BRSm/UdI4084+pD01LxFug/5wGexNewWqbcEL6nB2n2o+Q==
